
Microsoft Visual Studio Solution File, Format Version 12.00
# Visual Studio Version 17
VisualStudioVersion = 17.5.001.0
MinimumVisualStudioVersion = 10.0.40219.1
Project("{9A19103F-16F7-4668-BE54-9A1E7A4F7556}") = "Homework_Timofeev_csharp", "Homework_Timofeev_csharp.csproj", "{1F9E97F0-2B6D-42DB-9D43-65AC898022A0}"
EndProject
Global
	GlobalSection(SolutionConfigurationPlatforms) = preSolution
		Debug|Any CPU = Debug|Any CPU
		Release|Any CPU = Release|Any CPU
	EndGlobalSection
	GlobalSection(ProjectConfigurationPlatforms) = postSolution
		{1F9E97F0-2B6D-42DB-9D43-65AC898022A0}.Debug|Any CPU.ActiveCfg = Debug|Any CPU
		{1F9E97F0-2B6D-42DB-9D43-65AC898022A0}.Debug|Any CPU.Build.0 = Debug|Any CPU
		{1F9E97F0-2B6D-42DB-9D43-65AC898022A0}.Release|Any CPU.ActiveCfg = Release|Any CPU
		{1F9E97F0-2B6D-42DB-9D43-65AC898022A0}.Release|Any CPU.Build.0 = Release|Any CPU
	EndGlobalSection
	GlobalSection(SolutionProperties) = preSolution
		HideSolutionNode = FALSE
	EndGlobalSection
	GlobalSection(ExtensibilityGlobals) = postSolution
		SolutionGuid = {A98A0A1D-DC30-4971-A015-B67A093468D9}
	EndGlobalSection
EndGlobal
